
Microsoft Visual Studio Solution File, Format Version 12.00
# Visual Studio 15
VisualStudioVersion = 15.0.26730.16
MinimumVisualStudioVersion = 10.0.40219.1
Project("{FAE04EC0-301F-11D3-BF4B-00C04F79EFBC}") = "Practica8.Android", "Practica8\Practica8.Android\Practica8.Android.csproj", "{62BA11E6-6624-4A03-936F-E0DA3BE4C3EB}"
EndProject
Project("{FAE04EC0-301F-11D3-BF4B-00C04F79EFBC}") = "Practica8", "Practica8\Practica8\Practica8.csproj", "{2363FEEF-AD6D-454D-90DA-6B3C3401E8E2}"
EndProject
Project("{FAE04EC0-301F-11D3-BF4B-00C04F79EFBC}") = "Practica8.UWP", "Practica8\Practica8.UWP\Practica8.UWP.csproj", "{28C5E9DE-41D6-4FA4-8EFE-358B8AAB5DC3}"
EndProject
Project("{FAE04EC0-301F-11D3-BF4B-00C04F79EFBC}") = "Practica8.iOS", "Practica8\Practica8.iOS\Practica8.iOS.csproj", "{8F94EA1C-B61D-48F0-9683-A55526A2C02C}"
EndProject
Global
	GlobalSection(SolutionConfigurationPlatforms) = preSolution
		Ad-Hoc|Any CPU = Ad-Hoc|Any CPU
		Ad-Hoc|ARM = Ad-Hoc|ARM
		Ad-Hoc|iPhone = Ad-Hoc|iPhone
		Ad-Hoc|iPhoneSimulator = Ad-Hoc|iPhoneSimulator
		Ad-Hoc|x64 = Ad-Hoc|x64
		Ad-Hoc|x86 = Ad-Hoc|x86
		AppStore|Any CPU = AppStore|Any CPU
		AppStore|ARM = AppStore|ARM
		AppStore|iPhone = AppStore|iPhone
		AppStore|iPhoneSimulator = AppStore|iPhoneSimulator
		AppStore|x64 = AppStore|x64
		AppStore|x86 = AppStore|x86
		Debug|Any CPU = Debug|Any CPU
		Debug|ARM = Debug|ARM
		Debug|iPhone = Debug|iPhone
		Debug|iPhoneSimulator = Debug|iPhoneSimulator
		Debug|x64 = Debug|x64
		Debug|x86 = Debug|x86
		Release|Any CPU = Release|Any CPU
		Release|ARM = Release|ARM
		Release|iPhone = Release|iPhone
		Release|iPhoneSimulator = Release|iPhoneSimulator
		Release|x64 = Release|x64
		Release|x86 = Release|x86
	EndGlobalSection
	GlobalSection(ProjectConfigurationPlatforms) = postSolution
		{62BA11E6-6624-4A03-936F-E0DA3BE4C3EB}.Ad-Hoc|Any CPU.ActiveCfg = Release|Any CPU
		{62BA11E6-6624-4A03-936F-E0DA3BE4C3EB}.Ad-Hoc|Any CPU.Build.0 = Release|Any CPU
		{62BA11E6-6624-4A03-936F-E0DA3BE4C3EB}.Ad-Hoc|Any CPU.Deploy.0 = Release|Any CPU
		{62BA11E6-6624-4A03-936F-E0DA3BE4C3EB}.Ad-Hoc|ARM.ActiveCfg = Release|Any CPU
		{62BA11E6-6624-4A03-936F-E0DA3BE4C3EB}.Ad-Hoc|ARM.Build.0 = Release|Any CPU
		{62BA11E6-6624-4A03-936F-E0DA3BE4C3EB}.Ad-Hoc|ARM.Deploy.0 = Release|Any CPU
		{62BA11E6-6624-4A03-936F-E0DA3BE4C3EB}.Ad-Hoc|iPhone.ActiveCfg = Release|Any CPU
		{62BA11E6-6624-4A03-936F-E0DA3BE4C3EB}.Ad-Hoc|iPhone.Build.0 = Release|Any CPU
		{62BA11E6-6624-4A03-936F-E0DA3BE4C3EB}.Ad-Hoc|iPhone.Deploy.0 = Release|Any CPU
		{62BA11E6-6624-4A03-936F-E0DA3BE4C3EB}.Ad-Hoc|iPhoneSimulator.ActiveCfg = Release|Any CPU
		{62BA11E6-6624-4A03-936F-E0DA3BE4C3EB}.Ad-Hoc|iPhoneSimulator.Build.0 = Release|Any CPU
		{62BA11E6-6624-4A03-936F-E0DA3BE4C3EB}.Ad-Hoc|iPhoneSimulator.Deploy.0 = Release|Any CPU
		{62BA11E6-6624-4A03-936F-E0DA3BE4C3EB}.Ad-Hoc|x64.ActiveCfg = Release|Any CPU
		{62BA11E6-6624-4A03-936F-E0DA3BE4C3EB}.Ad-Hoc|x64.Build.0 = Release|Any CPU
		{62BA11E6-6624-4A03-936F-E0DA3BE4C3EB}.Ad-Hoc|x64.Deploy.0 = Release|Any CPU
		{62BA11E6-6624-4A03-936F-E0DA3BE4C3EB}.Ad-Hoc|x86.ActiveCfg = Release|Any CPU
		{62BA11E6-6624-4A03-936F-E0DA3BE4C3EB}.Ad-Hoc|x86.Build.0 = Release|Any CPU
		{62BA11E6-6624-4A03-936F-E0DA3BE4C3EB}.Ad-Hoc|x86.Deploy.0 = Release|Any CPU
		{62BA11E6-6624-4A03-936F-E0DA3BE4C3EB}.AppStore|Any CPU.ActiveCfg = Release|Any CPU
		{62BA11E6-6624-4A03-936F-E0DA3BE4C3EB}.AppStore|Any CPU.Build.0 = Release|Any CPU
		{62BA11E6-6624-4A03-936F-E0DA3BE4C3EB}.AppStore|Any CPU.Deploy.0 = Release|Any CPU
		{62BA11E6-6624-4A03-936F-E0DA3BE4C3EB}.AppStore|ARM.ActiveCfg = Release|Any CPU
		{62BA11E6-6624-4A03-936F-E0DA3BE4C3EB}.AppStore|ARM.Build.0 = Release|Any CPU
		{62BA11E6-6624-4A03-936F-E0DA3BE4C3EB}.AppStore|ARM.Deploy.0 = Release|Any CPU
		{62BA11E6-6624-4A03-936F-E0DA3BE4C3EB}.AppStore|iPhone.ActiveCfg = Release|Any CPU
		{62BA11E6-6624-4A03-936F-E0DA3BE4C3EB}.AppStore|iPhone.Build.0 = Release|Any CPU
		{62BA11E6-6624-4A03-936F-E0DA3BE4C3EB}.AppStore|iPhone.Deploy.0 = Release|Any CPU
		{62BA11E6-6624-4A03-936F-E0DA3BE4C3EB}.AppStore|iPhoneSimulator.ActiveCfg = Release|Any CPU
		{62BA11E6-6624-4A03-936F-E0DA3BE4C3EB}.AppStore|iPhoneSimulator.Build.0 = Release|Any CPU
		{62BA11E6-6624-4A03-936F-E0DA3BE4C3EB}.AppStore|iPhoneSimulator.Deploy.0 = Release|Any CPU
		{62BA11E6-6624-4A03-936F-E0DA3BE4C3EB}.AppStore|x64.ActiveCfg = Release|Any CPU
		{62BA11E6-6624-4A03-936F-E0DA3BE4C3EB}.AppStore|x64.Build.0 = Release|Any CPU
		{62BA11E6-6624-4A03-936F-E0DA3BE4C3EB}.AppStore|x64.Deploy.0 = Release|Any CPU
		{62BA11E6-6624-4A03-936F-E0DA3BE4C3EB}.AppStore|x86.ActiveCfg = Release|Any CPU
		{62BA11E6-6624-4A03-936F-E0DA3BE4C3EB}.AppStore|x86.Build.0 = Release|Any CPU
		{62BA11E6-6624-4A03-936F-E0DA3BE4C3EB}.AppStore|x86.Deploy.0 = Release|Any CPU
		{62BA11E6-6624-4A03-936F-E0DA3BE4C3EB}.Debug|Any CPU.ActiveCfg = Debug|Any CPU
		{62BA11E6-6624-4A03-936F-E0DA3BE4C3EB}.Debug|Any CPU.Build.0 = Debug|Any CPU
		{62BA11E6-6624-4A03-936F-E0DA3BE4C3EB}.Debug|Any CPU.Deploy.0 = Debug|Any CPU
		{62BA11E6-6624-4A03-936F-E0DA3BE4C3EB}.Debug|ARM.ActiveCfg = Debug|Any CPU
		{62BA11E6-6624-4A03-936F-E0DA3BE4C3EB}.Debug|ARM.Build.0 = Debug|Any CPU
		{62BA11E6-6624-4A03-936F-E0DA3BE4C3EB}.Debug|ARM.Deploy.0 = Debug|Any CPU
		{62BA11E6-6624-4A03-936F-E0DA3BE4C3EB}.Debug|iPhone.ActiveCfg = Debug|Any CPU
		{62BA11E6-6624-4A03-936F-E0DA3BE4C3EB}.Debug|iPhone.Build.0 = Debug|Any CPU
		{62BA11E6-6624-4A03-936F-E0DA3BE4C3EB}.Debug|iPhone.Deploy.0 = Debug|Any CPU
		{62BA11E6-6624-4A03-936F-E0DA3BE4C3EB}.Debug|iPhoneSimulator.ActiveCfg = Debug|Any CPU
		{62BA11E6-6624-4A03-936F-E0DA3BE4C3EB}.Debug|iPhoneSimulator.Build.0 = Debug|Any CPU
		{62BA11E6-6624-4A03-936F-E0DA3BE4C3EB}.Debug|iPhoneSimulator.Deploy.0 = Debug|Any CPU
		{62BA11E6-6624-4A03-936F-E0DA3BE4C3EB}.Debug|x64.ActiveCfg = Debug|Any CPU
		{62BA11E6-6624-4A03-936F-E0DA3BE4C3EB}.Debug|x64.Build.0 = Debug|Any CPU
		{62BA11E6-6624-4A03-936F-E0DA3BE4C3EB}.Debug|x64.Deploy.0 = Debug|Any CPU
		{62BA11E6-6624-4A03-936F-E0DA3BE4C3EB}.Debug|x86.ActiveCfg = Debug|Any CPU
		{62BA11E6-6624-4A03-936F-E0DA3BE4C3EB}.Debug|x86.Build.0 = Debug|Any CPU
		{62BA11E6-6624-4A03-936F-E0DA3BE4C3EB}.Debug|x86.Deploy.0 = Debug|Any CPU
		{62BA11E6-6624-4A03-936F-E0DA3BE4C3EB}.Release|Any CPU.ActiveCfg = Release|Any CPU
		{62BA11E6-6624-4A03-936F-E0DA3BE4C3EB}.Release|Any CPU.Build.0 = Release|Any CPU
		{62BA11E6-6624-4A03-936F-E0DA3BE4C3EB}.Release|Any CPU.Deploy.0 = Release|Any CPU
		{62BA11E6-6624-4A03-936F-E0DA3BE4C3EB}.Release|ARM.ActiveCfg = Release|Any CPU
		{62BA11E6-6624-4A03-936F-E0DA3BE4C3EB}.Release|ARM.Build.0 = Release|Any CPU
		{62BA11E6-6624-4A03-936F-E0DA3BE4C3EB}.Release|ARM.Deploy.0 = Release|Any CPU
		{62BA11E6-6624-4A03-936F-E0DA3BE4C3EB}.Release|iPhone.ActiveCfg = Release|Any CPU
		{62BA11E6-6624-4A03-936F-E0DA3BE4C3EB}.Release|iPhone.Build.0 = Release|Any CPU
		{62BA11E6-6624-4A03-936F-E0DA3BE4C3EB}.Release|iPhone.Deploy.0 = Release|Any CPU
		{62BA11E6-6624-4A03-936F-E0DA3BE4C3EB}.Release|iPhoneSimulator.ActiveCfg = Release|Any CPU
		{62BA11E6-6624-4A03-936F-E0DA3BE4C3EB}.Release|iPhoneSimulator.Build.0 = Release|Any CPU
		{62BA11E6-6624-4A03-936F-E0DA3BE4C3EB}.Release|iPhoneSimulator.Deploy.0 = Release|Any CPU
		{62BA11E6-6624-4A03-936F-E0DA3BE4C3EB}.Release|x64.ActiveCfg = Release|Any CPU
		{62BA11E6-6624-4A03-936F-E0DA3BE4C3EB}.Release|x64.Build.0 = Release|Any CPU
		{62BA11E6-6624-4A03-936F-E0DA3BE4C3EB}.Release|x64.Deploy.0 = Release|Any CPU
		{62BA11E6-6624-4A03-936F-E0DA3BE4C3EB}.Release|x86.ActiveCfg = Release|Any CPU
		{62BA11E6-6624-4A03-936F-E0DA3BE4C3EB}.Release|x86.Build.0 = Release|Any CPU
		{62BA11E6-6624-4A03-936F-E0DA3BE4C3EB}.Release|x86.Deploy.0 = Release|Any CPU
		{2363FEEF-AD6D-454D-90DA-6B3C3401E8E2}.Ad-Hoc|Any CPU.ActiveCfg = Release|Any CPU
		{2363FEEF-AD6D-454D-90DA-6B3C3401E8E2}.Ad-Hoc|Any CPU.Build.0 = Release|Any CPU
		{2363FEEF-AD6D-454D-90DA-6B3C3401E8E2}.Ad-Hoc|ARM.ActiveCfg = Release|Any CPU
		{2363FEEF-AD6D-454D-90DA-6B3C3401E8E2}.Ad-Hoc|ARM.Build.0 = Release|Any CPU
		{2363FEEF-AD6D-454D-90DA-6B3C3401E8E2}.Ad-Hoc|iPhone.ActiveCfg = Release|Any CPU
		{2363FEEF-AD6D-454D-90DA-6B3C3401E8E2}.Ad-Hoc|iPhone.Build.0 = Release|Any CPU
		{2363FEEF-AD6D-454D-90DA-6B3C3401E8E2}.Ad-Hoc|iPhoneSimulator.ActiveCfg = Release|Any CPU
		{2363FEEF-AD6D-454D-90DA-6B3C3401E8E2}.Ad-Hoc|iPhoneSimulator.Build.0 = Release|Any CPU
		{2363FEEF-AD6D-454D-90DA-6B3C3401E8E2}.Ad-Hoc|x64.ActiveCfg = Release|Any CPU
		{2363FEEF-AD6D-454D-90DA-6B3C3401E8E2}.Ad-Hoc|x64.Build.0 = Release|Any CPU
		{2363FEEF-AD6D-454D-90DA-6B3C3401E8E2}.Ad-Hoc|x86.ActiveCfg = Release|Any CPU
		{2363FEEF-AD6D-454D-90DA-6B3C3401E8E2}.Ad-Hoc|x86.Build.0 = Release|Any CPU
		{2363FEEF-AD6D-454D-90DA-6B3C3401E8E2}.AppStore|Any CPU.ActiveCfg = Release|Any CPU
		{2363FEEF-AD6D-454D-90DA-6B3C3401E8E2}.AppStore|Any CPU.Build.0 = Release|Any CPU
		{2363FEEF-AD6D-454D-90DA-6B3C3401E8E2}.AppStore|ARM.ActiveCfg = Release|Any CPU
		{2363FEEF-AD6D-454D-90DA-6B3C3401E8E2}.AppStore|ARM.Build.0 = Release|Any CPU
		{2363FEEF-AD6D-454D-90DA-6B3C3401E8E2}.AppStore|iPhone.ActiveCfg = Release|Any CPU
		{2363FEEF-AD6D-454D-90DA-6B3C3401E8E2}.AppStore|iPhone.Build.0 = Release|Any CPU
		{2363FEEF-AD6D-454D-90DA-6B3C3401E8E2}.AppStore|iPhoneSimulator.ActiveCfg = Release|Any CPU
		{2363FEEF-AD6D-454D-90DA-6B3C3401E8E2}.AppStore|iPhoneSimulator.Build.0 = Release|Any CPU
		{2363FEEF-AD6D-454D-90DA-6B3C3401E8E2}.AppStore|x64.ActiveCfg = Release|Any CPU
		{2363FEEF-AD6D-454D-90DA-6B3C3401E8E2}.AppStore|x64.Build.0 = Release|Any CPU
		{2363FEEF-AD6D-454D-90DA-6B3C3401E8E2}.AppStore|x86.ActiveCfg = Release|Any CPU
		{2363FEEF-AD6D-454D-90DA-6B3C3401E8E2}.AppStore|x86.Build.0 = Release|Any CPU
		{2363FEEF-AD6D-454D-90DA-6B3C3401E8E2}.Debug|Any CPU.ActiveCfg = Debug|Any CPU
		{2363FEEF-AD6D-454D-90DA-6B3C3401E8E2}.Debug|Any CPU.Build.0 = Debug|Any CPU
		{2363FEEF-AD6D-454D-90DA-6B3C3401E8E2}.Debug|ARM.ActiveCfg = Debug|Any CPU
		{2363FEEF-AD6D-454D-90DA-6B3C3401E8E2}.Debug|ARM.Build.0 = Debug|Any CPU
		{2363FEEF-AD6D-454D-90DA-6B3C3401E8E2}.Debug|iPhone.ActiveCfg = Debug|Any CPU
		{2363FEEF-AD6D-454D-90DA-6B3C3401E8E2}.Debug|iPhone.Build.0 = Debug|Any CPU
		{2363FEEF-AD6D-454D-90DA-6B3C3401E8E2}.Debug|iPhoneSimulator.ActiveCfg = Debug|Any CPU
		{2363FEEF-AD6D-454D-90DA-6B3C3401E8E2}.Debug|iPhoneSimulator.Build.0 = Debug|Any CPU
		{2363FEEF-AD6D-454D-90DA-6B3C3401E8E2}.Debug|x64.ActiveCfg = Debug|Any CPU
		{2363FEEF-AD6D-454D-90DA-6B3C3401E8E2}.Debug|x64.Build.0 = Debug|Any CPU
		{2363FEEF-AD6D-454D-90DA-6B3C3401E8E2}.Debug|x86.ActiveCfg = Debug|Any CPU
		{2363FEEF-AD6D-454D-90DA-6B3C3401E8E2}.Debug|x86.Build.0 = Debug|Any CPU
		{2363FEEF-AD6D-454D-90DA-6B3C3401E8E2}.Release|Any CPU.ActiveCfg = Release|Any CPU
		{2363FEEF-AD6D-454D-90DA-6B3C3401E8E2}.Release|Any CPU.Build.0 = Release|Any CPU
		{2363FEEF-AD6D-454D-90DA-6B3C3401E8E2}.Release|ARM.ActiveCfg = Release|Any CPU
		{2363FEEF-AD6D-454D-90DA-6B3C3401E8E2}.Release|ARM.Build.0 = Release|Any CPU
		{2363FEEF-AD6D-454D-90DA-6B3C3401E8E2}.Release|iPhone.ActiveCfg = Release|Any CPU
		{2363FEEF-AD6D-454D-90DA-6B3C3401E8E2}.Release|iPhone.Build.0 = Release|Any CPU
		{2363FEEF-AD6D-454D-90DA-6B3C3401E8E2}.Release|iPhoneSimulator.ActiveCfg = Release|Any CPU
		{2363FEEF-AD6D-454D-90DA-6B3C3401E8E2}.Release|iPhoneSimulator.Build.0 = Release|Any CPU
		{2363FEEF-AD6D-454D-90DA-6B3C3401E8E2}.Release|x64.ActiveCfg = Release|Any CPU
		{2363FEEF-AD6D-454D-90DA-6B3C3401E8E2}.Release|x64.Build.0 = Release|Any CPU
		{2363FEEF-AD6D-454D-90DA-6B3C3401E8E2}.Release|x86.ActiveCfg = Release|Any CPU
		{2363FEEF-AD6D-454D-90DA-6B3C3401E8E2}.Release|x86.Build.0 = Release|Any CPU
		{28C5E9DE-41D6-4FA4-8EFE-358B8AAB5DC3}.Ad-Hoc|Any CPU.ActiveCfg = Release|x86
		{28C5E9DE-41D6-4FA4-8EFE-358B8AAB5DC3}.Ad-Hoc|Any CPU.Build.0 = Release|x86
		{28C5E9DE-41D6-4FA4-8EFE-358B8AAB5DC3}.Ad-Hoc|Any CPU.Deploy.0 = Release|x86
		{28C5E9DE-41D6-4FA4-8EFE-358B8AAB5DC3}.Ad-Hoc|ARM.ActiveCfg = Release|ARM
		{28C5E9DE-41D6-4FA4-8EFE-358B8AAB5DC3}.Ad-Hoc|ARM.Build.0 = Release|ARM
		{28C5E9DE-41D6-4FA4-8EFE-358B8AAB5DC3}.Ad-Hoc|ARM.Deploy.0 = Release|ARM
		{28C5E9DE-41D6-4FA4-8EFE-358B8AAB5DC3}.Ad-Hoc|iPhone.ActiveCfg = Release|x86
		{28C5E9DE-41D6-4FA4-8EFE-358B8AAB5DC3}.Ad-Hoc|iPhone.Build.0 = Release|x86
		{28C5E9DE-41D6-4FA4-8EFE-358B8AAB5DC3}.Ad-Hoc|iPhone.Deploy.0 = Release|x86
		{28C5E9DE-41D6-4FA4-8EFE-358B8AAB5DC3}.Ad-Hoc|iPhoneSimulator.ActiveCfg = Release|x86
		{28C5E9DE-41D6-4FA4-8EFE-358B8AAB5DC3}.Ad-Hoc|iPhoneSimulator.Build.0 = Release|x86
		{28C5E9DE-41D6-4FA4-8EFE-358B8AAB5DC3}.Ad-Hoc|iPhoneSimulator.Deploy.0 = Release|x86
		{28C5E9DE-41D6-4FA4-8EFE-358B8AAB5DC3}.Ad-Hoc|x64.ActiveCfg = Release|x64
		{28C5E9DE-41D6-4FA4-8EFE-358B8AAB5DC3}.Ad-Hoc|x64.Build.0 = Release|x64
		{28C5E9DE-41D6-4FA4-8EFE-358B8AAB5DC3}.Ad-Hoc|x64.Deploy.0 = Release|x64
		{28C5E9DE-41D6-4FA4-8EFE-358B8AAB5DC3}.Ad-Hoc|x86.ActiveCfg = Release|x86
		{28C5E9DE-41D6-4FA4-8EFE-358B8AAB5DC3}.Ad-Hoc|x86.Build.0 = Release|x86
		{28C5E9DE-41D6-4FA4-8EFE-358B8AAB5DC3}.Ad-Hoc|x86.Deploy.0 = Release|x86
		{28C5E9DE-41D6-4FA4-8EFE-358B8AAB5DC3}.AppStore|Any CPU.ActiveCfg = Release|x86
		{28C5E9DE-41D6-4FA4-8EFE-358B8AAB5DC3}.AppStore|Any CPU.Build.0 = Release|x86
		{28C5E9DE-41D6-4FA4-8EFE-358B8AAB5DC3}.AppStore|Any CPU.Deploy.0 = Release|x86
		{28C5E9DE-41D6-4FA4-8EFE-358B8AAB5DC3}.AppStore|ARM.ActiveCfg = Release|ARM
		{28C5E9DE-41D6-4FA4-8EFE-358B8AAB5DC3}.AppStore|ARM.Build.0 = Release|ARM
		{28C5E9DE-41D6-4FA4-8EFE-358B8AAB5DC3}.AppStore|ARM.Deploy.0 = Release|ARM
		{28C5E9DE-41D6-4FA4-8EFE-358B8AAB5DC3}.AppStore|iPhone.ActiveCfg = Release|x86
		{28C5E9DE-41D6-4FA4-8EFE-358B8AAB5DC3}.AppStore|iPhone.Build.0 = Release|x86
		{28C5E9DE-41D6-4FA4-8EFE-358B8AAB5DC3}.AppStore|iPhone.Deploy.0 = Release|x86
		{28C5E9DE-41D6-4FA4-8EFE-358B8AAB5DC3}.AppStore|iPhoneSimulator.ActiveCfg = Release|x86
		{28C5E9DE-41D6-4FA4-8EFE-358B8AAB5DC3}.AppStore|iPhoneSimulator.Build.0 = Release|x86
		{28C5E9DE-41D6-4FA4-8EFE-358B8AAB5DC3}.AppStore|iPhoneSimulator.Deploy.0 = Release|x86
		{28C5E9DE-41D6-4FA4-8EFE-358B8AAB5DC3}.AppStore|x64.ActiveCfg = Release|x64
		{28C5E9DE-41D6-4FA4-8EFE-358B8AAB5DC3}.AppStore|x64.Build.0 = Release|x64
		{28C5E9DE-41D6-4FA4-8EFE-358B8AAB5DC3}.AppStore|x64.Deploy.0 = Release|x64
		{28C5E9DE-41D6-4FA4-8EFE-358B8AAB5DC3}.AppStore|x86.ActiveCfg = Release|x86
		{28C5E9DE-41D6-4FA4-8EFE-358B8AAB5DC3}.AppStore|x86.Build.0 = Release|x86
		{28C5E9DE-41D6-4FA4-8EFE-358B8AAB5DC3}.AppStore|x86.Deploy.0 = Release|x86
		{28C5E9DE-41D6-4FA4-8EFE-358B8AAB5DC3}.Debug|Any CPU.ActiveCfg = Debug|x86
		{28C5E9DE-41D6-4FA4-8EFE-358B8AAB5DC3}.Debug|Any CPU.Build.0 = Debug|x86
		{28C5E9DE-41D6-4FA4-8EFE-358B8AAB5DC3}.Debug|ARM.ActiveCfg = Debug|ARM
		{28C5E9DE-41D6-4FA4-8EFE-358B8AAB5DC3}.Debug|ARM.Build.0 = Debug|ARM
		{28C5E9DE-41D6-4FA4-8EFE-358B8AAB5DC3}.Debug|ARM.Deploy.0 = Debug|ARM
		{28C5E9DE-41D6-4FA4-8EFE-358B8AAB5DC3}.Debug|iPhone.ActiveCfg = Debug|x86
		{28C5E9DE-41D6-4FA4-8EFE-358B8AAB5DC3}.Debug|iPhoneSimulator.ActiveCfg = Debug|x86
		{28C5E9DE-41D6-4FA4-8EFE-358B8AAB5DC3}.Debug|x64.ActiveCfg = Debug|x64
		{28C5E9DE-41D6-4FA4-8EFE-358B8AAB5DC3}.Debug|x64.Build.0 = Debug|x64
		{28C5E9DE-41D6-4FA4-8EFE-358B8AAB5DC3}.Debug|x64.Deploy.0 = Debug|x64
		{28C5E9DE-41D6-4FA4-8EFE-358B8AAB5DC3}.Debug|x86.ActiveCfg = Debug|x86
		{28C5E9DE-41D6-4FA4-8EFE-358B8AAB5DC3}.Debug|x86.Build.0 = Debug|x86
		{28C5E9DE-41D6-4FA4-8EFE-358B8AAB5DC3}.Debug|x86.Deploy.0 = Debug|x86
		{28C5E9DE-41D6-4FA4-8EFE-358B8AAB5DC3}.Release|Any CPU.ActiveCfg = Release|x86
		{28C5E9DE-41D6-4FA4-8EFE-358B8AAB5DC3}.Release|ARM.ActiveCfg = Release|ARM
		{28C5E9DE-41D6-4FA4-8EFE-358B8AAB5DC3}.Release|ARM.Build.0 = Release|ARM
		{28C5E9DE-41D6-4FA4-8EFE-358B8AAB5DC3}.Release|ARM.Deploy.0 = Release|ARM
		{28C5E9DE-41D6-4FA4-8EFE-358B8AAB5DC3}.Release|iPhone.ActiveCfg = Release|x86
		{28C5E9DE-41D6-4FA4-8EFE-358B8AAB5DC3}.Release|iPhoneSimulator.ActiveCfg = Release|x86
		{28C5E9DE-41D6-4FA4-8EFE-358B8AAB5DC3}.Release|x64.ActiveCfg = Release|x64
		{28C5E9DE-41D6-4FA4-8EFE-358B8AAB5DC3}.Release|x64.Build.0 = Release|x64
		{28C5E9DE-41D6-4FA4-8EFE-358B8AAB5DC3}.Release|x64.Deploy.0 = Release|x64
		{28C5E9DE-41D6-4FA4-8EFE-358B8AAB5DC3}.Release|x86.ActiveCfg = Release|x86
		{28C5E9DE-41D6-4FA4-8EFE-358B8AAB5DC3}.Release|x86.Build.0 = Release|x86
		{28C5E9DE-41D6-4FA4-8EFE-358B8AAB5DC3}.Release|x86.Deploy.0 = Release|x86
		{8F94EA1C-B61D-48F0-9683-A55526A2C02C}.Ad-Hoc|Any CPU.ActiveCfg = Ad-Hoc|iPhone
		{8F94EA1C-B61D-48F0-9683-A55526A2C02C}.Ad-Hoc|ARM.ActiveCfg = Ad-Hoc|iPhone
		{8F94EA1C-B61D-48F0-9683-A55526A2C02C}.Ad-Hoc|iPhone.ActiveCfg = Ad-Hoc|iPhone
		{8F94EA1C-B61D-48F0-9683-A55526A2C02C}.Ad-Hoc|iPhone.Build.0 = Ad-Hoc|iPhone
		{8F94EA1C-B61D-48F0-9683-A55526A2C02C}.Ad-Hoc|iPhoneSimulator.ActiveCfg = Ad-Hoc|iPhoneSimulator
		{8F94EA1C-B61D-48F0-9683-A55526A2C02C}.Ad-Hoc|iPhoneSimulator.Build.0 = Ad-Hoc|iPhoneSimulator
		{8F94EA1C-B61D-48F0-9683-A55526A2C02C}.Ad-Hoc|x64.ActiveCfg = Ad-Hoc|iPhone
		{8F94EA1C-B61D-48F0-9683-A55526A2C02C}.Ad-Hoc|x86.ActiveCfg = Ad-Hoc|iPhone
		{8F94EA1C-B61D-48F0-9683-A55526A2C02C}.AppStore|Any CPU.ActiveCfg = AppStore|iPhone
		{8F94EA1C-B61D-48F0-9683-A55526A2C02C}.AppStore|ARM.ActiveCfg = AppStore|iPhone
		{8F94EA1C-B61D-48F0-9683-A55526A2C02C}.AppStore|iPhone.ActiveCfg = AppStore|iPhone
		{8F94EA1C-B61D-48F0-9683-A55526A2C02C}.AppStore|iPhone.Build.0 = AppStore|iPhone
		{8F94EA1C-B61D-48F0-9683-A55526A2C02C}.AppStore|iPhoneSimulator.ActiveCfg = AppStore|iPhoneSimulator
		{8F94EA1C-B61D-48F0-9683-A55526A2C02C}.AppStore|iPhoneSimulator.Build.0 = AppStore|iPhoneSimulator
		{8F94EA1C-B61D-48F0-9683-A55526A2C02C}.AppStore|x64.ActiveCfg = AppStore|iPhone
		{8F94EA1C-B61D-48F0-9683-A55526A2C02C}.AppStore|x86.ActiveCfg = AppStore|iPhone
		{8F94EA1C-B61D-48F0-9683-A55526A2C02C}.Debug|Any CPU.ActiveCfg = Debug|iPhone
		{8F94EA1C-B61D-48F0-9683-A55526A2C02C}.Debug|Any CPU.Build.0 = Debug|iPhone
		{8F94EA1C-B61D-48F0-9683-A55526A2C02C}.Debug|ARM.ActiveCfg = Debug|iPhone
		{8F94EA1C-B61D-48F0-9683-A55526A2C02C}.Debug|iPhone.ActiveCfg = Debug|iPhone
		{8F94EA1C-B61D-48F0-9683-A55526A2C02C}.Debug|iPhone.Build.0 = Debug|iPhone
		{8F94EA1C-B61D-48F0-9683-A55526A2C02C}.Debug|iPhoneSimulator.ActiveCfg = Debug|iPhoneSimulator
		{8F94EA1C-B61D-48F0-9683-A55526A2C02C}.Debug|iPhoneSimulator.Build.0 = Debug|iPhoneSimulator
		{8F94EA1C-B61D-48F0-9683-A55526A2C02C}.Debug|x64.ActiveCfg = Debug|iPhone
		{8F94EA1C-B61D-48F0-9683-A55526A2C02C}.Debug|x86.ActiveCfg = Debug|iPhone
		{8F94EA1C-B61D-48F0-9683-A55526A2C02C}.Release|Any CPU.ActiveCfg = Release|iPhone
		{8F94EA1C-B61D-48F0-9683-A55526A2C02C}.Release|ARM.ActiveCfg = Release|iPhone
		{8F94EA1C-B61D-48F0-9683-A55526A2C02C}.Release|iPhone.ActiveCfg = Release|iPhone
		{8F94EA1C-B61D-48F0-9683-A55526A2C02C}.Release|iPhone.Build.0 = Release|iPhone
		{8F94EA1C-B61D-48F0-9683-A55526A2C02C}.Release|iPhoneSimulator.ActiveCfg = Release|iPhoneSimulator
		{8F94EA1C-B61D-48F0-9683-A55526A2C02C}.Release|iPhoneSimulator.Build.0 = Release|iPhoneSimulator
		{8F94EA1C-B61D-48F0-9683-A55526A2C02C}.Release|x64.ActiveCfg = Release|iPhone
		{8F94EA1C-B61D-48F0-9683-A55526A2C02C}.Release|x86.ActiveCfg = Release|iPhone
	EndGlobalSection
	GlobalSection(SolutionProperties) = preSolution
		HideSolutionNode = FALSE
	EndGlobalSection
	GlobalSection(ExtensibilityGlobals) = postSolution
		SolutionGuid = {DDE3E1F4-6F1F-4557-84EF-02D82D14EFDB}
	EndGlobalSection
EndGlobal
